
Microsoft Visual Studio Solution File, Format Version 12.00
# Visual Studio Version 16
VisualStudioVersion = 16.0.29905.134
MinimumVisualStudioVersion = 10.0.40219.1
Project("{FAE04EC0-301F-11D3-BF4B-00C04F79EFBC}") = "Blazor.Song.Net", "Blazor.Song.Net\Blazor.Song.Net.csproj", "{4C715650-EDF3-4B3B-98D9-04AACAFD886D}"
EndProject
Project("{FAE04EC0-301F-11D3-BF4B-00C04F79EFBC}") = "Blazor.Song.Net.Client", "Blazor.Song.Net.Client\Blazor.Song.Net.Client.csproj", "{139791AC-D92B-4BE5-A7DE-19A2CEA70C9F}"
EndProject
Project("{9A19103F-16F7-4668-BE54-9A1E7A4F7556}") = "Blazor.Song.Net.Shared", "Blazor.Song.Net.Shared\Blazor.Song.Net.Shared.csproj", "{A92CE797-B0EE-4B21-8F8A-A1C4D2EFA271}"
EndProject
Project("{9A19103F-16F7-4668-BE54-9A1E7A4F7556}") = "Blazor.Song.Indexer", "Blazor.Song.Indexer\Blazor.Song.Indexer.csproj", "{28E74CDC-266F-4ED6-B418-BA556FEB58AD}"
EndProject
Global
	GlobalSection(SolutionConfigurationPlatforms) = preSolution
		Debug|Any CPU = Debug|Any CPU
		Release|Any CPU = Release|Any CPU
	EndGlobalSection
	GlobalSection(ProjectConfigurationPlatforms) = postSolution
		{4C715650-EDF3-4B3B-98D9-04AACAFD886D}.Debug|Any CPU.ActiveCfg = Debug|Any CPU
		{4C715650-EDF3-4B3B-98D9-04AACAFD886D}.Debug|Any CPU.Build.0 = Debug|Any CPU
		{4C715650-EDF3-4B3B-98D9-04AACAFD886D}.Release|Any CPU.ActiveCfg = Release|Any CPU
		{4C715650-EDF3-4B3B-98D9-04AACAFD886D}.Release|Any CPU.Build.0 = Release|Any CPU
		{139791AC-D92B-4BE5-A7DE-19A2CEA70C9F}.Debug|Any CPU.ActiveCfg = Debug|Any CPU
		{139791AC-D92B-4BE5-A7DE-19A2CEA70C9F}.Debug|Any CPU.Build.0 = Debug|Any CPU
		{139791AC-D92B-4BE5-A7DE-19A2CEA70C9F}.Release|Any CPU.ActiveCfg = Release|Any CPU
		{139791AC-D92B-4BE5-A7DE-19A2CEA70C9F}.Release|Any CPU.Build.0 = Release|Any CPU
		{A92CE797-B0EE-4B21-8F8A-A1C4D2EFA271}.Debug|Any CPU.ActiveCfg = Debug|Any CPU
		{A92CE797-B0EE-4B21-8F8A-A1C4D2EFA271}.Debug|Any CPU.Build.0 = Debug|Any CPU
		{A92CE797-B0EE-4B21-8F8A-A1C4D2EFA271}.Release|Any CPU.ActiveCfg = Release|Any CPU
		{A92CE797-B0EE-4B21-8F8A-A1C4D2EFA271}.Release|Any CPU.Build.0 = Release|Any CPU
		{28E74CDC-266F-4ED6-B418-BA556FEB58AD}.Debug|Any CPU.ActiveCfg = Debug|Any CPU
		{28E74CDC-266F-4ED6-B418-BA556FEB58AD}.Debug|Any CPU.Build.0 = Debug|Any CPU
		{28E74CDC-266F-4ED6-B418-BA556FEB58AD}.Release|Any CPU.ActiveCfg = Release|Any CPU
		{28E74CDC-266F-4ED6-B418-BA556FEB58AD}.Release|Any CPU.Build.0 = Release|Any CPU
	EndGlobalSection
	GlobalSection(SolutionProperties) = preSolution
		HideSolutionNode = FALSE
	EndGlobalSection
	GlobalSection(ExtensibilityGlobals) = postSolution
		SolutionGuid = {D556C233-10A8-4EEB-90B7-6E454F6BD21B}
	EndGlobalSection
EndGlobal
